
Microsoft Visual Studio Solution File, Format Version 12.00
# Visual Studio 15
VisualStudioVersion = 15.0.27130.2010
MinimumVisualStudioVersion = 10.0.40219.1
Project("{8BC9CEB8-8B4A-11D0-8D11-00A0C91BC942}") = "GK.PingPong", "GK.PingPong\GK.PingPong.vcxproj", "{1E3F44DB-1A0D-4F81-A2AE-69166CA684FC}"
EndProject
Global
	GlobalSection(SolutionConfigurationPlatforms) = preSolution
		Debug|x64 = Debug|x64
		Debug|x86 = Debug|x86
		Release|x64 = Release|x64
		Release|x86 = Release|x86
	EndGlobalSection
	GlobalSection(ProjectConfigurationPlatforms) = postSolution
		{1E3F44DB-1A0D-4F81-A2AE-69166CA684FC}.Debug|x64.ActiveCfg = Debug|x64
		{1E3F44DB-1A0D-4F81-A2AE-69166CA684FC}.Debug|x64.Build.0 = Debug|x64
		{1E3F44DB-1A0D-4F81-A2AE-69166CA684FC}.Debug|x86.ActiveCfg = Debug|Win32
		{1E3F44DB-1A0D-4F81-A2AE-69166CA684FC}.Debug|x86.Build.0 = Debug|Win32
		{1E3F44DB-1A0D-4F81-A2AE-69166CA684FC}.Release|x64.ActiveCfg = Release|x64
		{1E3F44DB-1A0D-4F81-A2AE-69166CA684FC}.Release|x64.Build.0 = Release|x64
		{1E3F44DB-1A0D-4F81-A2AE-69166CA684FC}.Release|x86.ActiveCfg = Release|Win32
		{1E3F44DB-1A0D-4F81-A2AE-69166CA684FC}.Release|x86.Build.0 = Release|Win32
	EndGlobalSection
	GlobalSection(SolutionProperties) = preSolution
		HideSolutionNode = FALSE
	EndGlobalSection
	GlobalSection(ExtensibilityGlobals) = postSolution
		SolutionGuid = {84E72EFE-4C08-4FF4-895A-781B3A665E78}
	EndGlobalSection
EndGlobal
